{
    "_meta": {
        "hash": {
            "sha256": "60ccffda6c29c53dcbe7d15aa6279fef3a69bb31e7f4547e0303a8b10af44c53"
        },
        "pipfile-spec": 6,
        "requires": {
            "python_version": "3.6"
        },
        "sources": [
            {
                "name": "pypi",
                "url": "https://pypi.org/simple",
                "verify_ssl": true
            }
        ]
    },
    "default": {
        "bitarray": {
            "hashes": [
                "sha256:4f8706b651243c9faa981f075bcbdef2fab83e9b9bc9211ed2cb5849f9a68342"
            ],
            "index": "pypi",
            "version": "==1.2.0"
        },
        "mmh3": {
            "hashes": [
                "sha256:185209a217c52afe43e079e5b232d0ef0f3a262601eaaf4371326ab6dcbec508"
            ],
            "index": "pypi",
            "version": "==2.5.1"
        },
        "tabulate": {
            "hashes": [
                "sha256:5470cc6687a091c7042cee89b2946d9235fe9f6d49c193a4ae2ac7bf386737c8"
            ],
            "index": "pypi",
            "version": "==0.8.6"
        },
        "yaspin": {
            "hashes": [
                "sha256:0ee4668936d0053de752c9a4963929faa3a832bd0ba823877d27855592dc80aa",
                "sha256:5a938bdc7bab353fd8942d0619d56c6b5159a80997dc1c387a479b39e6dc9391"
            ],
            "index": "pypi",
            "version": "==0.15.0"
        }
    },
    "develop": {}
}
